
Microsoft Visual Studio Solution File, Format Version 12.00
# Visual Studio Version 17
VisualStudioVersion = 17.5.002.0
MinimumVisualStudioVersion = 10.0.40219.1
Project("{9A19103F-16F7-4668-BE54-9A1E7A4F7556}") = "Unit3Exercise1", "Unit3Exercise1\Unit3Exercise1.csproj", "{66D9C1E3-C0B6-480C-84D0-166F9E7EB60A}"
EndProject
Project("{9A19103F-16F7-4668-BE54-9A1E7A4F7556}") = "Unit3Exercise2", "Unit3Exercise2\Unit3Exercise2.csproj", "{6846753C-2357-48FC-ADCA-896103626363}"
EndProject
Global
	GlobalSection(SolutionConfigurationPlatforms) = preSolution
		Debug|Any CPU = Debug|Any CPU
		Release|Any CPU = Release|Any CPU
	EndGlobalSection
	GlobalSection(ProjectConfigurationPlatforms) = postSolution
		{66D9C1E3-C0B6-480C-84D0-166F9E7EB60A}.Debug|Any CPU.ActiveCfg = Debug|Any CPU
		{66D9C1E3-C0B6-480C-84D0-166F9E7EB60A}.Debug|Any CPU.Build.0 = Debug|Any CPU
		{66D9C1E3-C0B6-480C-84D0-166F9E7EB60A}.Release|Any CPU.ActiveCfg = Release|Any CPU
		{66D9C1E3-C0B6-480C-84D0-166F9E7EB60A}.Release|Any CPU.Build.0 = Release|Any CPU
		{6846753C-2357-48FC-ADCA-896103626363}.Debug|Any CPU.ActiveCfg = Debug|Any CPU
		{6846753C-2357-48FC-ADCA-896103626363}.Debug|Any CPU.Build.0 = Debug|Any CPU
		{6846753C-2357-48FC-ADCA-896103626363}.Release|Any CPU.ActiveCfg = Release|Any CPU
		{6846753C-2357-48FC-ADCA-896103626363}.Release|Any CPU.Build.0 = Release|Any CPU
	EndGlobalSection
	GlobalSection(SolutionProperties) = preSolution
		HideSolutionNode = FALSE
	EndGlobalSection
	GlobalSection(ExtensibilityGlobals) = postSolution
		SolutionGuid = {EDB03901-AA14-4BFC-AEDE-1C4BDDD38AF0}
	EndGlobalSection
EndGlobal
